
Microsoft Visual Studio Solution File, Format Version 12.00
# Visual Studio Version 17
VisualStudioVersion = 17.13.35913.81
MinimumVisualStudioVersion = 10.0.40219.1
Project("{2150E333-8FDC-42A3-9474-1A3956D46DE8}") = "src", "src", "{02EA681E-C7D8-13C7-8484-4AC65E1B71E8}"
EndProject
Project("{FAE04EC0-301F-11D3-BF4B-00C04F79EFBC}") = "Core", "src\Core\Core.csproj", "{8E14F888-80B4-42D4-A861-E3A326AF2399}"
EndProject
Project("{2150E333-8FDC-42A3-9474-1A3956D46DE8}") = "Drivers", "Drivers", "{65D6CDEA-F8AE-4019-AF44-E3F7BA42AE57}"
EndProject
Project("{FAE04EC0-301F-11D3-BF4B-00C04F79EFBC}") = "Api", "src\Drivers\Api\Api.csproj", "{C7A6466A-DD46-04F8-F85B-CF34E99FAE62}"
EndProject
Project("{FAE04EC0-301F-11D3-BF4B-00C04F79EFBC}") = "Infrastructure", "src\Drivers\Infrastructure\Infrastructure.csproj", "{31A195FF-20AC-B860-61E0-38B4F9AC5833}"
EndProject
Project("{FAE04EC0-301F-11D3-BF4B-00C04F79EFBC}") = "Adapters", "src\Adapters\Adapters.csproj", "{0300A471-D4FB-47F2-8E0C-982460EC7373}"
EndProject
Project("{2150E333-8FDC-42A3-9474-1A3956D46DE8}") = "SolutionItems", "SolutionItems", "{7B55090F-51D1-46BB-89DC-17D6785497A3}"
	ProjectSection(SolutionItems) = preProject
		.env = .env
		docker-compose.yml = docker-compose.yml
		k8s\fiap-fastfood-api-config.yaml = k8s\fiap-fastfood-api-config.yaml
		k8s\fiap-fastfood-api-deployment.yaml = k8s\fiap-fastfood-api-deployment.yaml
		k8s\fiap-fastfood-api-hpa.yaml = k8s\fiap-fastfood-api-hpa.yaml
		k8s\fiap-fastfood-api-secret.yaml = k8s\fiap-fastfood-api-secret.yaml
		k8s\fiap-fastfood-api-service.yaml = k8s\fiap-fastfood-api-service.yaml
		k8s\fiap-fastfood-mongo-config.yaml = k8s\fiap-fastfood-mongo-config.yaml
		k8s\fiap-fastfood-mongo-deployment.yaml = k8s\fiap-fastfood-mongo-deployment.yaml
		k8s\fiap-fastfood-mongo-pvc.yaml = k8s\fiap-fastfood-mongo-pvc.yaml
		k8s\fiap-fastfood-mongo-secret.yaml = k8s\fiap-fastfood-mongo-secret.yaml
		k8s\fiap-fastfood-mongo-service.yaml = k8s\fiap-fastfood-mongo-service.yaml
		db\init\init.js = db\init\init.js
		README.md = README.md
	EndProjectSection
EndProject
Project("{2150E333-8FDC-42A3-9474-1A3956D46DE8}") = "tests", "tests", "{AB814FCC-D04B-4F69-A939-BBD9C478AB63}"
EndProject
Project("{2150E333-8FDC-42A3-9474-1A3956D46DE8}") = "UnitTests", "UnitTests", "{65AFB75B-3623-4C26-818D-5C1D694F8CA1}"
EndProject
Project("{FAE04EC0-301F-11D3-BF4B-00C04F79EFBC}") = "Core.Tests", "tests\UnitTests\Core.Tests\Core.Tests.csproj", "{9DE714D5-C896-449A-8B4D-0B21AE92E405}"
EndProject
Global
	GlobalSection(SolutionConfigurationPlatforms) = preSolution
		Debug|Any CPU = Debug|Any CPU
		Release|Any CPU = Release|Any CPU
	EndGlobalSection
	GlobalSection(ProjectConfigurationPlatforms) = postSolution
		{8E14F888-80B4-42D4-A861-E3A326AF2399}.Debug|Any CPU.ActiveCfg = Debug|Any CPU
		{8E14F888-80B4-42D4-A861-E3A326AF2399}.Debug|Any CPU.Build.0 = Debug|Any CPU
		{8E14F888-80B4-42D4-A861-E3A326AF2399}.Release|Any CPU.ActiveCfg = Release|Any CPU
		{8E14F888-80B4-42D4-A861-E3A326AF2399}.Release|Any CPU.Build.0 = Release|Any CPU
		{C7A6466A-DD46-04F8-F85B-CF34E99FAE62}.Debug|Any CPU.ActiveCfg = Debug|Any CPU
		{C7A6466A-DD46-04F8-F85B-CF34E99FAE62}.Debug|Any CPU.Build.0 = Debug|Any CPU
		{C7A6466A-DD46-04F8-F85B-CF34E99FAE62}.Release|Any CPU.ActiveCfg = Release|Any CPU
		{C7A6466A-DD46-04F8-F85B-CF34E99FAE62}.Release|Any CPU.Build.0 = Release|Any CPU
		{31A195FF-20AC-B860-61E0-38B4F9AC5833}.Debug|Any CPU.ActiveCfg = Debug|Any CPU
		{31A195FF-20AC-B860-61E0-38B4F9AC5833}.Debug|Any CPU.Build.0 = Debug|Any CPU
		{31A195FF-20AC-B860-61E0-38B4F9AC5833}.Release|Any CPU.ActiveCfg = Release|Any CPU
		{31A195FF-20AC-B860-61E0-38B4F9AC5833}.Release|Any CPU.Build.0 = Release|Any CPU
		{0300A471-D4FB-47F2-8E0C-982460EC7373}.Debug|Any CPU.ActiveCfg = Debug|Any CPU
		{0300A471-D4FB-47F2-8E0C-982460EC7373}.Debug|Any CPU.Build.0 = Debug|Any CPU
		{0300A471-D4FB-47F2-8E0C-982460EC7373}.Release|Any CPU.ActiveCfg = Release|Any CPU
		{0300A471-D4FB-47F2-8E0C-982460EC7373}.Release|Any CPU.Build.0 = Release|Any CPU
		{9DE714D5-C896-449A-8B4D-0B21AE92E405}.Debug|Any CPU.ActiveCfg = Debug|Any CPU
		{9DE714D5-C896-449A-8B4D-0B21AE92E405}.Debug|Any CPU.Build.0 = Debug|Any CPU
		{9DE714D5-C896-449A-8B4D-0B21AE92E405}.Release|Any CPU.ActiveCfg = Release|Any CPU
		{9DE714D5-C896-449A-8B4D-0B21AE92E405}.Release|Any CPU.Build.0 = Release|Any CPU
	EndGlobalSection
	GlobalSection(SolutionProperties) = preSolution
		HideSolutionNode = FALSE
	EndGlobalSection
	GlobalSection(NestedProjects) = preSolution
		{8E14F888-80B4-42D4-A861-E3A326AF2399} = {02EA681E-C7D8-13C7-8484-4AC65E1B71E8}
		{65D6CDEA-F8AE-4019-AF44-E3F7BA42AE57} = {02EA681E-C7D8-13C7-8484-4AC65E1B71E8}
		{C7A6466A-DD46-04F8-F85B-CF34E99FAE62} = {65D6CDEA-F8AE-4019-AF44-E3F7BA42AE57}
		{31A195FF-20AC-B860-61E0-38B4F9AC5833} = {65D6CDEA-F8AE-4019-AF44-E3F7BA42AE57}
		{0300A471-D4FB-47F2-8E0C-982460EC7373} = {02EA681E-C7D8-13C7-8484-4AC65E1B71E8}
		{65AFB75B-3623-4C26-818D-5C1D694F8CA1} = {AB814FCC-D04B-4F69-A939-BBD9C478AB63}
		{9DE714D5-C896-449A-8B4D-0B21AE92E405} = {65AFB75B-3623-4C26-818D-5C1D694F8CA1}
	EndGlobalSection
	GlobalSection(ExtensibilityGlobals) = postSolution
		SolutionGuid = {23661B77-2FB9-4BCB-AD67-2CDA4682DFAD}
	EndGlobalSection
EndGlobal
